// !$*UTF8*$!
{
	archiveVersion = 1;
	classes = {
	};
	objectVersion = 50;
	objects = {

/* Begin PBXBuildFile section */
		A81FE63B24D6137F00D40FB8 /* FavouritesListViewController.swift in Sources */ = {isa = PBXBuildFile; fileRef = A81FE63A24D6137F00D40FB8 /* FavouritesListViewController.swift */; };
		A832180B24D3CABF00E8F10E /* DogsInteractor.swift in Sources */ = {isa = PBXBuildFile; fileRef = A832180A24D3CABF00E8F10E /* DogsInteractor.swift */; };
		A849C72C24BA4C91000B3EB6 /* DogCell.swift in Sources */ = {isa = PBXBuildFile; fileRef = A849C72B24BA4C91000B3EB6 /* DogCell.swift */; };
		A85A6C3A24A454E800D12350 /* AppDelegate.swift in Sources */ = {isa = PBXBuildFile; fileRef = A85A6C3924A454E800D12350 /* AppDelegate.swift */; };
		A85A6C3C24A454E800D12350 /* SceneDelegate.swift in Sources */ = {isa = PBXBuildFile; fileRef = A85A6C3B24A454E800D12350 /* SceneDelegate.swift */; };
		A85A6C3E24A454E800D12350 /* BreedListViewController.swift in Sources */ = {isa = PBXBuildFile; fileRef = A85A6C3D24A454E800D12350 /* BreedListViewController.swift */; };
		A85A6C4124A454E800D12350 /* Main.storyboard in Resources */ = {isa = PBXBuildFile; fileRef = A85A6C3F24A454E800D12350 /* Main.storyboard */; };
		A85A6C4324A454EE00D12350 /* Assets.xcassets in Resources */ = {isa = PBXBuildFile; fileRef = A85A6C4224A454EE00D12350 /* Assets.xcassets */; };
		A85A6C4624A454EE00D12350 /* LaunchScreen.storyboard in Resources */ = {isa = PBXBuildFile; fileRef = A85A6C4424A454EE00D12350 /* LaunchScreen.storyboard */; };
		A85A6C5324A45F5A00D12350 /* DataFetcher.swift in Sources */ = {isa = PBXBuildFile; fileRef = A85A6C5224A45F5A00D12350 /* DataFetcher.swift */; };
		A85A6C5624A463CF00D12350 /* Breed.swift in Sources */ = {isa = PBXBuildFile; fileRef = A85A6C5524A463CF00D12350 /* Breed.swift */; };
		A887FCCD24A53DB3008EE799 /* URL+Endpoints.swift in Sources */ = {isa = PBXBuildFile; fileRef = A887FCCC24A53DB3008EE799 /* URL+Endpoints.swift */; };
		A89148A924AAC8C600C2BE66 /* ObjectDataSource.swift in Sources */ = {isa = PBXBuildFile; fileRef = A89148A824AAC8C600C2BE66 /* ObjectDataSource.swift */; };
		A896A3E724C78AAA00D007B0 /* ImageCache.swift in Sources */ = {isa = PBXBuildFile; fileRef = A896A3E624C78AAA00D007B0 /* ImageCache.swift */; };
		A898A17524B549A400BE8E2A /* DogsViewController.swift in Sources */ = {isa = PBXBuildFile; fileRef = A898A17424B549A400BE8E2A /* DogsViewController.swift */; };
		A8B8E3AE24CA38C5008D1842 /* UIImageView+FetchImage.swift in Sources */ = {isa = PBXBuildFile; fileRef = A8B8E3AD24CA38C5008D1842 /* UIImageView+FetchImage.swift */; };
		A8CDA31324D375B200C42DFC /* BreedListInteractor.swift in Sources */ = {isa = PBXBuildFile; fileRef = A8CDA31224D375B200C42DFC /* BreedListInteractor.swift */; };
		E5F0EEEFA8F5FE1804DCCAE6 /* Pods_Pat.framework in Frameworks */ = {isa = PBXBuildFile; fileRef = 297CC6A587290B40A81BBAEB /* Pods_Pat.framework */; };
/* End PBXBuildFile section */

/* Begin PBXFileReference section */
		0CB4A218FC7224F25F155E1F /* Pods-Pat.release.xcconfig */ = {isa = PBXFileReference; includeInIndex = 1; lastKnownFileType = text.xcconfig; name = "Pods-Pat.release.xcconfig"; path = "Target Support Files/Pods-Pat/Pods-Pat.release.xcconfig"; sourceTree = "<group>"; };
		297CC6A587290B40A81BBAEB /* Pods_Pat.framework */ = {isa = PBXFileReference; explicitFileType = wrapper.framework; includeInIndex = 0; path = Pods_Pat.framework; sourceTree = BUILT_PRODUCTS_DIR; };
		658D737CAB8788C8A39027AC /* Pods-Pat.debug.xcconfig */ = {isa = PBXFileReference; includeInIndex = 1; lastKnownFileType = text.xcconfig; name = "Pods-Pat.debug.xcconfig"; path = "Target Support Files/Pods-Pat/Pods-Pat.debug.xcconfig"; sourceTree = "<group>"; };
		A81FE63A24D6137F00D40FB8 /* FavouritesListViewController.swift */ = {isa = PBXFileReference; lastKnownFileType = sourcecode.swift; path = FavouritesListViewController.swift; sourceTree = "<group>"; };
		A832180A24D3CABF00E8F10E /* DogsInteractor.swift */ = {isa = PBXFileReference; lastKnownFileType = sourcecode.swift; path = DogsInteractor.swift; sourceTree = "<group>"; };
		A849C72B24BA4C91000B3EB6 /* DogCell.swift */ = {isa = PBXFileReference; lastKnownFileType = sourcecode.swift; path = DogCell.swift; sourceTree = "<group>"; };
		A85A6C3624A454E800D12350 /* Pat.app */ = {isa = PBXFileReference; explicitFileType = wrapper.application; includeInIndex = 0; path = Pat.app; sourceTree = BUILT_PRODUCTS_DIR; };
		A85A6C3924A454E800D12350 /* AppDelegate.swift */ = {isa = PBXFileReference; lastKnownFileType = sourcecode.swift; path = AppDelegate.swift; sourceTree = "<group>"; };
		A85A6C3B24A454E800D12350 /* SceneDelegate.swift */ = {isa = PBXFileReference; lastKnownFileType = sourcecode.swift; path = SceneDelegate.swift; sourceTree = "<group>"; };
		A85A6C3D24A454E800D12350 /* BreedListViewController.swift */ = {isa = PBXFileReference; lastKnownFileType = sourcecode.swift; path = BreedListViewController.swift; sourceTree = "<group>"; };
		A85A6C4024A454E800D12350 /* Base */ = {isa = PBXFileReference; lastKnownFileType = file.storyboard; name = Base; path = Base.lproj/Main.storyboard; sourceTree = "<group>"; };
		A85A6C4224A454EE00D12350 /* Assets.xcassets */ = {isa = PBXFileReference; lastKnownFileType = folder.assetcatalog; path = Assets.xcassets; sourceTree = "<group>"; };
		A85A6C4524A454EE00D12350 /* Base */ = {isa = PBXFileReference; lastKnownFileType = file.storyboard; name = Base; path = Base.lproj/LaunchScreen.storyboard; sourceTree = "<group>"; };
		A85A6C4724A454EE00D12350 /* Info.plist */ = {isa = PBXFileReference; lastKnownFileType = text.plist.xml; path = Info.plist; sourceTree = "<group>"; };
		A85A6C5224A45F5A00D12350 /* DataFetcher.swift */ = {isa = PBXFileReference; lastKnownFileType = sourcecode.swift; path = DataFetcher.swift; sourceTree = "<group>"; };
		A85A6C5524A463CF00D12350 /* Breed.swift */ = {isa = PBXFileReference; lastKnownFileType = sourcecode.swift; path = Breed.swift; sourceTree = "<group>"; };
		A887FCCC24A53DB3008EE799 /* URL+Endpoints.swift */ = {isa = PBXFileReference; lastKnownFileType = sourcecode.swift; path = "URL+Endpoints.swift"; sourceTree = "<group>"; };
		A89148A824AAC8C600C2BE66 /* ObjectDataSource.swift */ = {isa = PBXFileReference; lastKnownFileType = sourcecode.swift; path = ObjectDataSource.swift; sourceTree = "<group>"; };
		A896A3E624C78AAA00D007B0 /* ImageCache.swift */ = {isa = PBXFileReference; lastKnownFileType = sourcecode.swift; path = ImageCache.swift; sourceTree = "<group>"; };
		A898A17424B549A400BE8E2A /* DogsViewController.swift */ = {isa = PBXFileReference; lastKnownFileType = sourcecode.swift; path = DogsViewController.swift; sourceTree = "<group>"; };
		A8B8E3AD24CA38C5008D1842 /* UIImageView+FetchImage.swift */ = {isa = PBXFileReference; lastKnownFileType = sourcecode.swift; path = "UIImageView+FetchImage.swift"; sourceTree = "<group>"; };
		A8CDA31224D375B200C42DFC /* BreedListInteractor.swift */ = {isa = PBXFileReference; lastKnownFileType = sourcecode.swift; path = BreedListInteractor.swift; sourceTree = "<group>"; };
/* End PBXFileReference section */

/* Begin PBXFrameworksBuildPhase section */
		A85A6C3324A454E800D12350 /* Frameworks */ = {
			isa = PBXFrameworksBuildPhase;
			buildActionMask = 2147483647;
			files = (
				E5F0EEEFA8F5FE1804DCCAE6 /* Pods_Pat.framework in Frameworks */,
			);
			runOnlyForDeploymentPostprocessing = 0;
		};
/* End PBXFrameworksBuildPhase section */

/* Begin PBXGroup section */
		33E8AB823BEBC1FEEEFC9EFD /* Frameworks */ = {
			isa = PBXGroup;
			children = (
				297CC6A587290B40A81BBAEB /* Pods_Pat.framework */,
			);
			name = Frameworks;
			sourceTree = "<group>";
		};
		A81FE63924D6129D00D40FB8 /* FavouritesList */ = {
			isa = PBXGroup;
			children = (
				A81FE63A24D6137F00D40FB8 /* FavouritesListViewController.swift */,
			);
			path = FavouritesList;
			sourceTree = "<group>";
		};
		A85A6C2D24A454E800D12350 = {
			isa = PBXGroup;
			children = (
				A85A6C3824A454E800D12350 /* Pat */,
				A85A6C3724A454E800D12350 /* Products */,
				E6E6BF3E219AAD06800CEF57 /* Pods */,
				33E8AB823BEBC1FEEEFC9EFD /* Frameworks */,
			);
			sourceTree = "<group>";
		};
		A85A6C3724A454E800D12350 /* Products */ = {
			isa = PBXGroup;
			children = (
				A85A6C3624A454E800D12350 /* Pat.app */,
			);
			name = Products;
			sourceTree = "<group>";
		};
		A85A6C3824A454E800D12350 /* Pat */ = {
			isa = PBXGroup;
			children = (
				A898A17724B54AD400BE8E2A /* Application */,
				A85A6C5124A45F4500D12350 /* Network */,
				A85A6C5424A463A300D12350 /* BreedList */,
				A8B8E3AC24CA0108008D1842 /* DogImageList */,
				A81FE63924D6129D00D40FB8 /* FavouritesList */,
			);
			path = Pat;
			sourceTree = "<group>";
		};
		A85A6C5124A45F4500D12350 /* Network */ = {
			isa = PBXGroup;
			children = (
				A85A6C5224A45F5A00D12350 /* DataFetcher.swift */,
				A896A3E624C78AAA00D007B0 /* ImageCache.swift */,
				A89148A824AAC8C600C2BE66 /* ObjectDataSource.swift */,
				A887FCCC24A53DB3008EE799 /* URL+Endpoints.swift */,
				A8B8E3AD24CA38C5008D1842 /* UIImageView+FetchImage.swift */,
			);
			path = Network;
			sourceTree = "<group>";
		};
		A85A6C5424A463A300D12350 /* BreedList */ = {
			isa = PBXGroup;
			children = (
				A85A6C5524A463CF00D12350 /* Breed.swift */,
				A85A6C3D24A454E800D12350 /* BreedListViewController.swift */,
				A8CDA31224D375B200C42DFC /* BreedListInteractor.swift */,
			);
			path = BreedList;
			sourceTree = "<group>";
		};
		A898A17724B54AD400BE8E2A /* Application */ = {
			isa = PBXGroup;
			children = (
				A85A6C4424A454EE00D12350 /* LaunchScreen.storyboard */,
				A85A6C4224A454EE00D12350 /* Assets.xcassets */,
				A85A6C3924A454E800D12350 /* AppDelegate.swift */,
				A85A6C3B24A454E800D12350 /* SceneDelegate.swift */,
				A85A6C3F24A454E800D12350 /* Main.storyboard */,
				A85A6C4724A454EE00D12350 /* Info.plist */,
			);
			path = Application;
			sourceTree = "<group>";
		};
		A8B8E3AC24CA0108008D1842 /* DogImageList */ = {
			isa = PBXGroup;
			children = (
				A849C72B24BA4C91000B3EB6 /* DogCell.swift */,
				A898A17424B549A400BE8E2A /* DogsViewController.swift */,
				A832180A24D3CABF00E8F10E /* DogsInteractor.swift */,
			);
			path = DogImageList;
			sourceTree = "<group>";
		};
		E6E6BF3E219AAD06800CEF57 /* Pods */ = {
			isa = PBXGroup;
			children = (
				658D737CAB8788C8A39027AC /* Pods-Pat.debug.xcconfig */,
				0CB4A218FC7224F25F155E1F /* Pods-Pat.release.xcconfig */,
			);
			path = Pods;
			sourceTree = "<group>";
		};
/* End PBXGroup section */

/* Begin PBXNativeTarget section */
		A85A6C3524A454E800D12350 /* Pat */ = {
			isa = PBXNativeTarget;
			buildConfigurationList = A85A6C4A24A454EE00D12350 /* Build configuration list for PBXNativeTarget "Pat" */;
			buildPhases = (
				E64FF8730CF82B9AB74F3E4D /* [CP] Check Pods Manifest.lock */,
				A85A6C3224A454E800D12350 /* Sources */,
				A85A6C3324A454E800D12350 /* Frameworks */,
				A85A6C3424A454E800D12350 /* Resources */,
				A85231B024A7F7BA0032D8EE /* ShellScript */,
			);
			buildRules = (
			);
			dependencies = (
			);
			name = Pat;
			productName = Pat;
			productReference = A85A6C3624A454E800D12350 /* Pat.app */;
			productType = "com.apple.product-type.application";
		};
/* End PBXNativeTarget section */

/* Begin PBXProject section */
		A85A6C2E24A454E800D12350 /* Project object */ = {
			isa = PBXProject;
			attributes = {
				LastSwiftUpdateCheck = 1140;
				LastUpgradeCheck = 1140;
				ORGANIZATIONNAME = "Rafael Rodrigues";
				TargetAttributes = {
					A85A6C3524A454E800D12350 = {
						CreatedOnToolsVersion = 11.4.1;
					};
				};
			};
			buildConfigurationList = A85A6C3124A454E800D12350 /* Build configuration list for PBXProject "Pat" */;
			compatibilityVersion = "Xcode 9.3";
			developmentRegion = en;
			hasScannedForEncodings = 0;
			knownRegions = (
				en,
				Base,
			);
			mainGroup = A85A6C2D24A454E800D12350;
			productRefGroup = A85A6C3724A454E800D12350 /* Products */;
			projectDirPath = "";
			projectRoot = "";
			targets = (
				A85A6C3524A454E800D12350 /* Pat */,
			);
		};
/* End PBXProject section */

/* Begin PBXResourcesBuildPhase section */
		A85A6C3424A454E800D12350 /* Resources */ = {
			isa = PBXResourcesBuildPhase;
			buildActionMask = 2147483647;
			files = (
				A85A6C4624A454EE00D12350 /* LaunchScreen.storyboard in Resources */,
				A85A6C4324A454EE00D12350 /* Assets.xcassets in Resources */,
				A85A6C4124A454E800D12350 /* Main.storyboard in Resources */,
			);
			runOnlyForDeploymentPostprocessing = 0;
		};
/* End PBXResourcesBuildPhase section */

/* Begin PBXShellScriptBuildPhase section */
		A85231B024A7F7BA0032D8EE /* ShellScript */ = {
			isa = PBXShellScriptBuildPhase;
			buildActionMask = 2147483647;
			files = (
			);
			inputFileListPaths = (
			);
			inputPaths = (
			);
			outputFileListPaths = (
			);
			outputPaths = (
			);
			runOnlyForDeploymentPostprocessing = 0;
			shellPath = /bin/sh;
			shellScript = "\"${PODS_ROOT}/SwiftLint/swiftlint\"\n";
		};
		E64FF8730CF82B9AB74F3E4D /* [CP] Check Pods Manifest.lock */ = {
			isa = PBXShellScriptBuildPhase;
			buildActionMask = 2147483647;
			files = (
			);
			inputFileListPaths = (
			);
			inputPaths = (
				"${PODS_PODFILE_DIR_PATH}/Podfile.lock",
				"${PODS_ROOT}/Manifest.lock",
			);
			name = "[CP] Check Pods Manifest.lock";
			outputFileListPaths = (
			);
			outputPaths = (
				"$(DERIVED_FILE_DIR)/Pods-Pat-checkManifestLockResult.txt",
			);
			runOnlyForDeploymentPostprocessing = 0;
			shellPath = /bin/sh;
			shellScript = "diff \"${PODS_PODFILE_DIR_PATH}/Podfile.lock\" \"${PODS_ROOT}/Manifest.lock\" > /dev/null\nif [ $? != 0 ] ; then\n    # print error to STDERR\n    echo \"error: The sandbox is not in sync with the Podfile.lock. Run 'pod install' or update your CocoaPods installation.\" >&2\n    exit 1\nfi\n# This output is used by Xcode 'outputs' to avoid re-running this script phase.\necho \"SUCCESS\" > \"${SCRIPT_OUTPUT_FILE_0}\"\n";
			showEnvVarsInLog = 0;
		};
/* End PBXShellScriptBuildPhase section */

/* Begin PBXSourcesBuildPhase section */
		A85A6C3224A454E800D12350 /* Sources */ = {
			isa = PBXSourcesBuildPhase;
			buildActionMask = 2147483647;
			files = (
				A89148A924AAC8C600C2BE66 /* ObjectDataSource.swift in Sources */,
				A8CDA31324D375B200C42DFC /* BreedListInteractor.swift in Sources */,
				A832180B24D3CABF00E8F10E /* DogsInteractor.swift in Sources */,
				A887FCCD24A53DB3008EE799 /* URL+Endpoints.swift in Sources */,
				A85A6C5624A463CF00D12350 /* Breed.swift in Sources */,
				A85A6C3E24A454E800D12350 /* BreedListViewController.swift in Sources */,
				A81FE63B24D6137F00D40FB8 /* FavouritesListViewController.swift in Sources */,
				A8B8E3AE24CA38C5008D1842 /* UIImageView+FetchImage.swift in Sources */,
				A85A6C3A24A454E800D12350 /* AppDelegate.swift in Sources */,
				A85A6C3C24A454E800D12350 /* SceneDelegate.swift in Sources */,
				A85A6C5324A45F5A00D12350 /* DataFetcher.swift in Sources */,
				A849C72C24BA4C91000B3EB6 /* DogCell.swift in Sources */,
				A898A17524B549A400BE8E2A /* DogsViewController.swift in Sources */,
				A896A3E724C78AAA00D007B0 /* ImageCache.swift in Sources */,
			);
			runOnlyForDeploymentPostprocessing = 0;
		};
/* End PBXSourcesBuildPhase section */

/* Begin PBXVariantGroup section */
		A85A6C3F24A454E800D12350 /* Main.storyboard */ = {
			isa = PBXVariantGroup;
			children = (
				A85A6C4024A454E800D12350 /* Base */,
			);
			name = Main.storyboard;
			sourceTree = "<group>";
		};
		A85A6C4424A454EE00D12350 /* LaunchScreen.storyboard */ = {
			isa = PBXVariantGroup;
			children = (
				A85A6C4524A454EE00D12350 /* Base */,
			);
			name = LaunchScreen.storyboard;
			sourceTree = "<group>";
		};
/* End PBXVariantGroup section */

/* Begin XCBuildConfiguration section */
		A85A6C4824A454EE00D12350 /* Debug */ = {
			isa = XCBuildConfiguration;
			buildSettings = {
				ALWAYS_SEARCH_USER_PATHS = NO;
				CLANG_ANALYZER_NONNULL = YES;
				CLANG_ANALYZER_NUMBER_OBJECT_CONVERSION = YES_AGGRESSIVE;
				CLANG_CXX_LANGUAGE_STANDARD = "gnu++14";
				CLANG_CXX_LIBRARY = "libc++";
				CLANG_ENABLE_MODULES = YES;
				CLANG_ENABLE_OBJC_ARC = YES;
				CLANG_ENABLE_OBJC_WEAK = YES;
				CLANG_WARN_BLOCK_CAPTURE_AUTORELEASING = YES;
				CLANG_WARN_BOOL_CONVERSION = YES;
				CLANG_WARN_COMMA = YES;
				CLANG_WARN_CONSTANT_CONVERSION = YES;
				CLANG_WARN_DEPRECATED_OBJC_IMPLEMENTATIONS = YES;
				CLANG_WARN_DIRECT_OBJC_ISA_USAGE = YES_ERROR;
				CLANG_WARN_DOCUMENTATION_COMMENTS = YES;
				CLANG_WARN_EMPTY_BODY = YES;
				CLANG_WARN_ENUM_CONVERSION = YES;
				CLANG_WARN_INFINITE_RECURSION = YES;
				CLANG_WARN_INT_CONVERSION = YES;
				CLANG_WARN_NON_LITERAL_NULL_CONVERSION = YES;
				CLANG_WARN_OBJC_IMPLICIT_RETAIN_SELF = YES;
				CLANG_WARN_OBJC_LITERAL_CONVERSION = YES;
				CLANG_WARN_OBJC_ROOT_CLASS = YES_ERROR;
				CLANG_WARN_RANGE_LOOP_ANALYSIS = YES;
				CLANG_WARN_STRICT_PROTOTYPES = YES;
				CLANG_WARN_SUSPICIOUS_MOVE = YES;
				CLANG_WARN_UNGUARDED_AVAILABILITY = YES_AGGRESSIVE;
				CLANG_WARN_UNREACHABLE_CODE = YES;
				CLANG_WARN__DUPLICATE_METHOD_MATCH = YES;
				COPY_PHASE_STRIP = NO;
				DEBUG_INFORMATION_FORMAT = dwarf;
				ENABLE_STRICT_OBJC_MSGSEND = YES;
				ENABLE_TESTABILITY = YES;
				GCC_C_LANGUAGE_STANDARD = gnu11;
				GCC_DYNAMIC_NO_PIC = NO;
				GCC_NO_COMMON_BLOCKS = YES;
				GCC_OPTIMIZATION_LEVEL = 0;
				GCC_PREPROCESSOR_DEFINITIONS = (
					"DEBUG=1",
					"$(inherited)",
				);
				GCC_WARN_64_TO_32_BIT_CONVERSION = YES;
				GCC_WARN_ABOUT_RETURN_TYPE = YES_ERROR;
				GCC_WARN_UNDECLARED_SELECTOR = YES;
				GCC_WARN_UNINITIALIZED_AUTOS = YES_AGGRESSIVE;
				GCC_WARN_UNUSED_FUNCTION = YES;
				GCC_WARN_UNUSED_VARIABLE = YES;
				IPHONEOS_DEPLOYMENT_TARGET = 13.4;
				MTL_ENABLE_DEBUG_INFO = INCLUDE_SOURCE;
				MTL_FAST_MATH = YES;
				ONLY_ACTIVE_ARCH = YES;
				SDKROOT = iphoneos;
				SWIFT_ACTIVE_COMPILATION_CONDITIONS = DEBUG;
				SWIFT_OPTIMIZATION_LEVEL = "-Onone";
			};
			name = Debug;
		};
		A85A6C4924A454EE00D12350 /* Release */ = {
			isa = XCBuildConfiguration;
			buildSettings = {
				ALWAYS_SEARCH_USER_PATHS = NO;
				CLANG_ANALYZER_NONNULL = YES;
				CLANG_ANALYZER_NUMBER_OBJECT_CONVERSION = YES_AGGRESSIVE;
				CLANG_CXX_LANGUAGE_STANDARD = "gnu++14";
				CLANG_CXX_LIBRARY = "libc++";
				CLANG_ENABLE_MODULES = YES;
				CLANG_ENABLE_OBJC_ARC = YES;
				CLANG_ENABLE_OBJC_WEAK = YES;
				CLANG_WARN_BLOCK_CAPTURE_AUTORELEASING = YES;
				CLANG_WARN_BOOL_CONVERSION = YES;
				CLANG_WARN_COMMA = YES;
				CLANG_WARN_CONSTANT_CONVERSION = YES;
				CLANG_WARN_DEPRECATED_OBJC_IMPLEMENTATIONS = YES;
				CLANG_WARN_DIRECT_OBJC_ISA_USAGE = YES_ERROR;
				CLANG_WARN_DOCUMENTATION_COMMENTS = YES;
				CLANG_WARN_EMPTY_BODY = YES;
				CLANG_WARN_ENUM_CONVERSION = YES;
				CLANG_WARN_INFINITE_RECURSION = YES;
				CLANG_WARN_INT_CONVERSION = YES;
				CLANG_WARN_NON_LITERAL_NULL_CONVERSION = YES;
				CLANG_WARN_OBJC_IMPLICIT_RETAIN_SELF = YES;
				CLANG_WARN_OBJC_LITERAL_CONVERSION = YES;
				CLANG_WARN_OBJC_ROOT_CLASS = YES_ERROR;
				CLANG_WARN_RANGE_LOOP_ANALYSIS = YES;
				CLANG_WARN_STRICT_PROTOTYPES = YES;
				CLANG_WARN_SUSPICIOUS_MOVE = YES;
				CLANG_WARN_UNGUARDED_AVAILABILITY = YES_AGGRESSIVE;
				CLANG_WARN_UNREACHABLE_CODE = YES;
				CLANG_WARN__DUPLICATE_METHOD_MATCH = YES;
				COPY_PHASE_STRIP = NO;
				DEBUG_INFORMATION_FORMAT = "dwarf-with-dsym";
				ENABLE_NS_ASSERTIONS = NO;
				ENABLE_STRICT_OBJC_MSGSEND = YES;
				GCC_C_LANGUAGE_STANDARD = gnu11;
				GCC_NO_COMMON_BLOCKS = YES;
				GCC_WARN_64_TO_32_BIT_CONVERSION = YES;
				GCC_WARN_ABOUT_RETURN_TYPE = YES_ERROR;
				GCC_WARN_UNDECLARED_SELECTOR = YES;
				GCC_WARN_UNINITIALIZED_AUTOS = YES_AGGRESSIVE;
				GCC_WARN_UNUSED_FUNCTION = YES;
				GCC_WARN_UNUSED_VARIABLE = YES;
				IPHONEOS_DEPLOYMENT_TARGET = 13.4;
				MTL_ENABLE_DEBUG_INFO = NO;
				MTL_FAST_MATH = YES;
				SDKROOT = iphoneos;
				SWIFT_COMPILATION_MODE = wholemodule;
				SWIFT_OPTIMIZATION_LEVEL = "-O";
				VALIDATE_PRODUCT = YES;
			};
			name = Release;
		};
		A85A6C4B24A454EE00D12350 /* Debug */ = {
			isa = XCBuildConfiguration;
			baseConfigurationReference = 658D737CAB8788C8A39027AC /* Pods-Pat.debug.xcconfig */;
			buildSettings = {
				ASSETCATALOG_COMPILER_APPICON_NAME = AppIcon;
				CODE_SIGN_STYLE = Automatic;
				DEVELOPMENT_TEAM = CY35DG58QL;
				INFOPLIST_FILE = "$(SRCROOT)/Pat/Application/Info.plist";
				LD_RUNPATH_SEARCH_PATHS = (
					"$(inherited)",
					"@executable_path/Frameworks",
				);
				PRODUCT_BUNDLE_IDENTIFIER = "app-do-fael.Pat";
				PRODUCT_NAME = "$(TARGET_NAME)";
				SWIFT_VERSION = 5.0;
				TARGETED_DEVICE_FAMILY = "1,2";
			};
			name = Debug;
		};
		A85A6C4C24A454EE00D12350 /* Release */ = {
			isa = XCBuildConfiguration;
			baseConfigurationReference = 0CB4A218FC7224F25F155E1F /* Pods-Pat.release.xcconfig */;
			buildSettings = {
				ASSETCATALOG_COMPILER_APPICON_NAME = AppIcon;
				CODE_SIGN_STYLE = Automatic;
				DEVELOPMENT_TEAM = CY35DG58QL;
				INFOPLIST_FILE = "$(SRCROOT)/Pat/Application/Info.plist";
				LD_RUNPATH_SEARCH_PATHS = (
					"$(inherited)",
					"@executable_path/Frameworks",
				);
				PRODUCT_BUNDLE_IDENTIFIER = "app-do-fael.Pat";
				PRODUCT_NAME = "$(TARGET_NAME)";
				SWIFT_VERSION = 5.0;
				TARGETED_DEVICE_FAMILY = "1,2";
			};
			name = Release;
		};
/* End XCBuildConfiguration section */

/* Begin XCConfigurationList section */
		A85A6C3124A454E800D12350 /* Build configuration list for PBXProject "Pat" */ = {
			isa = XCConfigurationList;
			buildConfigurations = (
				A85A6C4824A454EE00D12350 /* Debug */,
				A85A6C4924A454EE00D12350 /* Release */,
			);
			defaultConfigurationIsVisible = 0;
			defaultConfigurationName = Release;
		};
		A85A6C4A24A454EE00D12350 /* Build configuration list for PBXNativeTarget "Pat" */ = {
			isa = XCConfigurationList;
			buildConfigurations = (
				A85A6C4B24A454EE00D12350 /* Debug */,
				A85A6C4C24A454EE00D12350 /* Release */,
			);
			defaultConfigurationIsVisible = 0;
			defaultConfigurationName = Release;
		};
/* End XCConfigurationList section */
	};
	rootObject = A85A6C2E24A454E800D12350 /* Project object */;
}
